
Microsoft Visual Studio Solution File, Format Version 12.00
# Visual Studio Version 17
VisualStudioVersion = 17.9.34622.214
MinimumVisualStudioVersion = 10.0.40219.1
Project("{FAE04EC0-301F-11D3-BF4B-00C04F79EFBC}") = "SearchCar_V1", "SearchCar_V1.csproj", "{518F529B-A6D2-4C9A-A5F5-A921B2F00044}"
EndProject
Global
	GlobalSection(SolutionConfigurationPlatforms) = preSolution
		Debug|Any CPU = Debug|Any CPU
		Release|Any CPU = Release|Any CPU
	EndGlobalSection
	GlobalSection(ProjectConfigurationPlatforms) = postSolution
		{518F529B-A6D2-4C9A-A5F5-A921B2F00044}.Debug|Any CPU.ActiveCfg = Debug|Any CPU
		{518F529B-A6D2-4C9A-A5F5-A921B2F00044}.Debug|Any CPU.Build.0 = Debug|Any CPU
		{518F529B-A6D2-4C9A-A5F5-A921B2F00044}.Release|Any CPU.ActiveCfg = Release|Any CPU
		{518F529B-A6D2-4C9A-A5F5-A921B2F00044}.Release|Any CPU.Build.0 = Release|Any CPU
	EndGlobalSection
	GlobalSection(SolutionProperties) = preSolution
		HideSolutionNode = FALSE
	EndGlobalSection
	GlobalSection(ExtensibilityGlobals) = postSolution
		SolutionGuid = {954DA76D-616C-4C51-864A-6F13FF9CA75C}
	EndGlobalSection
EndGlobal
